// !$*UTF8*$!
{
	archiveVersion = 1;
	classes = {
	};
	objectVersion = 50;
	objects = {

/* Begin PBXBuildFile section */
		638330D8219F16B50063E39E /* AppDelegate.swift in Sources */ = {isa = PBXBuildFile; fileRef = 638330D7219F16B50063E39E /* AppDelegate.swift */; };
		638330DA219F16B50063E39E /* ViewController.swift in Sources */ = {isa = PBXBuildFile; fileRef = 638330D9219F16B50063E39E /* ViewController.swift */; };
		638330DD219F16B50063E39E /* Main.storyboard in Resources */ = {isa = PBXBuildFile; fileRef = 638330DB219F16B50063E39E /* Main.storyboard */; };
		638330DF219F16B60063E39E /* Assets.xcassets in Resources */ = {isa = PBXBuildFile; fileRef = 638330DE219F16B60063E39E /* Assets.xcassets */; };
		638330E2219F16B60063E39E /* LaunchScreen.storyboard in Resources */ = {isa = PBXBuildFile; fileRef = 638330E0219F16B60063E39E /* LaunchScreen.storyboard */; };
		638330EA219F174C0063E39E /* CustomVTTPlayer.swift in Sources */ = {isa = PBXBuildFile; fileRef = 638330E9219F174C0063E39E /* CustomVTTPlayer.swift */; };
		63A454FD21FA26A00092E1C4 /* CustomResourceLoaderDelegate.swift in Sources */ = {isa = PBXBuildFile; fileRef = 63A454FC21FA26A00092E1C4 /* CustomResourceLoaderDelegate.swift */; };
/* End PBXBuildFile section */

/* Begin PBXFileReference section */
		638330D4219F16B50063E39E /* External WebVTT Example.app */ = {isa = PBXFileReference; explicitFileType = wrapper.application; includeInIndex = 0; path = "External WebVTT Example.app"; sourceTree = BUILT_PRODUCTS_DIR; };
		638330D7219F16B50063E39E /* AppDelegate.swift */ = {isa = PBXFileReference; lastKnownFileType = sourcecode.swift; path = AppDelegate.swift; sourceTree = "<group>"; };
		638330D9219F16B50063E39E /* ViewController.swift */ = {isa = PBXFileReference; lastKnownFileType = sourcecode.swift; path = ViewController.swift; sourceTree = "<group>"; };
		638330DC219F16B50063E39E /* Base */ = {isa = PBXFileReference; lastKnownFileType = file.storyboard; name = Base; path = Base.lproj/Main.storyboard; sourceTree = "<group>"; };
		638330DE219F16B60063E39E /* Assets.xcassets */ = {isa = PBXFileReference; lastKnownFileType = folder.assetcatalog; path = Assets.xcassets; sourceTree = "<group>"; };
		638330E1219F16B60063E39E /* Base */ = {isa = PBXFileReference; lastKnownFileType = file.storyboard; name = Base; path = Base.lproj/LaunchScreen.storyboard; sourceTree = "<group>"; };
		638330E3219F16B60063E39E /* Info.plist */ = {isa = PBXFileReference; lastKnownFileType = text.plist.xml; path = Info.plist; sourceTree = "<group>"; };
		638330E9219F174C0063E39E /* CustomVTTPlayer.swift */ = {isa = PBXFileReference; fileEncoding = 4; lastKnownFileType = sourcecode.swift; path = CustomVTTPlayer.swift; sourceTree = "<group>"; };
		63A454FC21FA26A00092E1C4 /* CustomResourceLoaderDelegate.swift */ = {isa = PBXFileReference; lastKnownFileType = sourcecode.swift; path = CustomResourceLoaderDelegate.swift; sourceTree = "<group>"; };
/* End PBXFileReference section */

/* Begin PBXFrameworksBuildPhase section */
		638330D1219F16B50063E39E /* Frameworks */ = {
			isa = PBXFrameworksBuildPhase;
			buildActionMask = 2147483647;
			files = (
			);
			runOnlyForDeploymentPostprocessing = 0;
		};
/* End PBXFrameworksBuildPhase section */

/* Begin PBXGroup section */
		638330CB219F16B50063E39E = {
			isa = PBXGroup;
			children = (
				638330D6219F16B50063E39E /* External WebVTT Example */,
				638330D5219F16B50063E39E /* Products */,
			);
			sourceTree = "<group>";
		};
		638330D5219F16B50063E39E /* Products */ = {
			isa = PBXGroup;
			children = (
				638330D4219F16B50063E39E /* External WebVTT Example.app */,
			);
			name = Products;
			sourceTree = "<group>";
		};
		638330D6219F16B50063E39E /* External WebVTT Example */ = {
			isa = PBXGroup;
			children = (
				638330E9219F174C0063E39E /* CustomVTTPlayer.swift */,
				638330D7219F16B50063E39E /* AppDelegate.swift */,
				638330D9219F16B50063E39E /* ViewController.swift */,
				638330DB219F16B50063E39E /* Main.storyboard */,
				638330DE219F16B60063E39E /* Assets.xcassets */,
				638330E0219F16B60063E39E /* LaunchScreen.storyboard */,
				638330E3219F16B60063E39E /* Info.plist */,
				63A454FC21FA26A00092E1C4 /* CustomResourceLoaderDelegate.swift */,
			);
			path = "External WebVTT Example";
			sourceTree = "<group>";
		};
/* End PBXGroup section */

/* Begin PBXNativeTarget section */
		638330D3219F16B50063E39E /* External WebVTT Example */ = {
			isa = PBXNativeTarget;
			buildConfigurationList = 638330E6219F16B60063E39E /* Build configuration list for PBXNativeTarget "External WebVTT Example" */;
			buildPhases = (
				638330D0219F16B50063E39E /* Sources */,
				638330D1219F16B50063E39E /* Frameworks */,
				638330D2219F16B50063E39E /* Resources */,
			);
			buildRules = (
			);
			dependencies = (
			);
			name = "External WebVTT Example";
			productName = "External WebVTT Example";
			productReference = 638330D4219F16B50063E39E /* External WebVTT Example.app */;
			productType = "com.apple.product-type.application";
		};
/* End PBXNativeTarget section */

/* Begin PBXProject section */
		638330CC219F16B50063E39E /* Project object */ = {
			isa = PBXProject;
			attributes = {
				LastSwiftUpdateCheck = 1010;
				LastUpgradeCheck = 1010;
				ORGANIZATIONNAME = "Joris Weimar";
				TargetAttributes = {
					638330D3219F16B50063E39E = {
						CreatedOnToolsVersion = 10.1;
					};
				};
			};
			buildConfigurationList = 638330CF219F16B50063E39E /* Build configuration list for PBXProject "External WebVTT Example" */;
			compatibilityVersion = "Xcode 9.3";
			developmentRegion = en;
			hasScannedForEncodings = 0;
			knownRegions = (
				en,
				Base,
			);
			mainGroup = 638330CB219F16B50063E39E;
			productRefGroup = 638330D5219F16B50063E39E /* Products */;
			projectDirPath = "";
			projectRoot = "";
			targets = (
				638330D3219F16B50063E39E /* External WebVTT Example */,
			);
		};
/* End PBXProject section */

/* Begin PBXResourcesBuildPhase section */
		638330D2219F16B50063E39E /* Resources */ = {
			isa = PBXResourcesBuildPhase;
			buildActionMask = 2147483647;
			files = (
				638330E2219F16B60063E39E /* LaunchScreen.storyboard in Resources */,
				638330DF219F16B60063E39E /* Assets.xcassets in Resources */,
				638330DD219F16B50063E39E /* Main.storyboard in Resources */,
			);
			runOnlyForDeploymentPostprocessing = 0;
		};
/* End PBXResourcesBuildPhase section */

/* Begin PBXSourcesBuildPhase section */
		638330D0219F16B50063E39E /* Sources */ = {
			isa = PBXSourcesBuildPhase;
			buildActionMask = 2147483647;
			files = (
				638330EA219F174C0063E39E /* CustomVTTPlayer.swift in Sources */,
				638330DA219F16B50063E39E /* ViewController.swift in Sources */,
				63A454FD21FA26A00092E1C4 /* CustomResourceLoaderDelegate.swift in Sources */,
				638330D8219F16B50063E39E /* AppDelegate.swift in Sources */,
			);
			runOnlyForDeploymentPostprocessing = 0;
		};
/* End PBXSourcesBuildPhase section */

/* Begin PBXVariantGroup section */
		638330DB219F16B50063E39E /* Main.storyboard */ = {
			isa = PBXVariantGroup;
			children = (
				638330DC219F16B50063E39E /* Base */,
			);
			name = Main.storyboard;
			sourceTree = "<group>";
		};
		638330E0219F16B60063E39E /* LaunchScreen.storyboard */ = {
			isa = PBXVariantGroup;
			children = (
				638330E1219F16B60063E39E /* Base */,
			);
			name = LaunchScreen.storyboard;
			sourceTree = "<group>";
		};
/* End PBXVariantGroup section */

/* Begin XCBuildConfiguration section */
		638330E4219F16B60063E39E /* Debug */ = {
			isa = XCBuildConfiguration;
			buildSettings = {
				ALWAYS_SEARCH_USER_PATHS = NO;
				CLANG_ANALYZER_NONNULL = YES;
				CLANG_ANALYZER_NUMBER_OBJECT_CONVERSION = YES_AGGRESSIVE;
				CLANG_CXX_LANGUAGE_STANDARD = "gnu++14";
				CLANG_CXX_LIBRARY = "libc++";
				CLANG_ENABLE_MODULES = YES;
				CLANG_ENABLE_OBJC_ARC = YES;
				CLANG_ENABLE_OBJC_WEAK = YES;
				CLANG_WARN_BLOCK_CAPTURE_AUTORELEASING = YES;
				CLANG_WARN_BOOL_CONVERSION = YES;
				CLANG_WARN_COMMA = YES;
				CLANG_WARN_CONSTANT_CONVERSION = YES;
				CLANG_WARN_DEPRECATED_OBJC_IMPLEMENTATIONS = YES;
				CLANG_WARN_DIRECT_OBJC_ISA_USAGE = YES_ERROR;
				CLANG_WARN_DOCUMENTATION_COMMENTS = YES;
				CLANG_WARN_EMPTY_BODY = YES;
				CLANG_WARN_ENUM_CONVERSION = YES;
				CLANG_WARN_INFINITE_RECURSION = YES;
				CLANG_WARN_INT_CONVERSION = YES;
				CLANG_WARN_NON_LITERAL_NULL_CONVERSION = YES;
				CLANG_WARN_OBJC_IMPLICIT_RETAIN_SELF = YES;
				CLANG_WARN_OBJC_LITERAL_CONVERSION = YES;
				CLANG_WARN_OBJC_ROOT_CLASS = YES_ERROR;
				CLANG_WARN_RANGE_LOOP_ANALYSIS = YES;
				CLANG_WARN_STRICT_PROTOTYPES = YES;
				CLANG_WARN_SUSPICIOUS_MOVE = YES;
				CLANG_WARN_UNGUARDED_AVAILABILITY = YES_AGGRESSIVE;
				CLANG_WARN_UNREACHABLE_CODE = YES;
				CLANG_WARN__DUPLICATE_METHOD_MATCH = YES;
				CODE_SIGN_IDENTITY = "iPhone Developer";
				COPY_PHASE_STRIP = NO;
				DEBUG_INFORMATION_FORMAT = dwarf;
				ENABLE_STRICT_OBJC_MSGSEND = YES;
				ENABLE_TESTABILITY = YES;
				GCC_C_LANGUAGE_STANDARD = gnu11;
				GCC_DYNAMIC_NO_PIC = NO;
				GCC_NO_COMMON_BLOCKS = YES;
				GCC_OPTIMIZATION_LEVEL = 0;
				GCC_PREPROCESSOR_DEFINITIONS = (
					"DEBUG=1",
					"$(inherited)",
				);
				GCC_WARN_64_TO_32_BIT_CONVERSION = YES;
				GCC_WARN_ABOUT_RETURN_TYPE = YES_ERROR;
				GCC_WARN_UNDECLARED_SELECTOR = YES;
				GCC_WARN_UNINITIALIZED_AUTOS = YES_AGGRESSIVE;
				GCC_WARN_UNUSED_FUNCTION = YES;
				GCC_WARN_UNUSED_VARIABLE = YES;
				IPHONEOS_DEPLOYMENT_TARGET = 12.1;
				MTL_ENABLE_DEBUG_INFO = INCLUDE_SOURCE;
				MTL_FAST_MATH = YES;
				ONLY_ACTIVE_ARCH = YES;
				SDKROOT = iphoneos;
				SWIFT_ACTIVE_COMPILATION_CONDITIONS = DEBUG;
				SWIFT_OPTIMIZATION_LEVEL = "-Onone";
			};
			name = Debug;
		};
		638330E5219F16B60063E39E /* Release */ = {
			isa = XCBuildConfiguration;
			buildSettings = {
				ALWAYS_SEARCH_USER_PATHS = NO;
				CLANG_ANALYZER_NONNULL = YES;
				CLANG_ANALYZER_NUMBER_OBJECT_CONVERSION = YES_AGGRESSIVE;
				CLANG_CXX_LANGUAGE_STANDARD = "gnu++14";
				CLANG_CXX_LIBRARY = "libc++";
				CLANG_ENABLE_MODULES = YES;
				CLANG_ENABLE_OBJC_ARC = YES;
				CLANG_ENABLE_OBJC_WEAK = YES;
				CLANG_WARN_BLOCK_CAPTURE_AUTORELEASING = YES;
				CLANG_WARN_BOOL_CONVERSION = YES;
				CLANG_WARN_COMMA = YES;
				CLANG_WARN_CONSTANT_CONVERSION = YES;
				CLANG_WARN_DEPRECATED_OBJC_IMPLEMENTATIONS = YES;
				CLANG_WARN_DIRECT_OBJC_ISA_USAGE = YES_ERROR;
				CLANG_WARN_DOCUMENTATION_COMMENTS = YES;
				CLANG_WARN_EMPTY_BODY = YES;
				CLANG_WARN_ENUM_CONVERSION = YES;
				CLANG_WARN_INFINITE_RECURSION = YES;
				CLANG_WARN_INT_CONVERSION = YES;
				CLANG_WARN_NON_LITERAL_NULL_CONVERSION = YES;
				CLANG_WARN_OBJC_IMPLICIT_RETAIN_SELF = YES;
				CLANG_WARN_OBJC_LITERAL_CONVERSION = YES;
				CLANG_WARN_OBJC_ROOT_CLASS = YES_ERROR;
				CLANG_WARN_RANGE_LOOP_ANALYSIS = YES;
				CLANG_WARN_STRICT_PROTOTYPES = YES;
				CLANG_WARN_SUSPICIOUS_MOVE = YES;
				CLANG_WARN_UNGUARDED_AVAILABILITY = YES_AGGRESSIVE;
				CLANG_WARN_UNREACHABLE_CODE = YES;
				CLANG_WARN__DUPLICATE_METHOD_MATCH = YES;
				CODE_SIGN_IDENTITY = "iPhone Developer";
				COPY_PHASE_STRIP = NO;
				DEBUG_INFORMATION_FORMAT = "dwarf-with-dsym";
				ENABLE_NS_ASSERTIONS = NO;
				ENABLE_STRICT_OBJC_MSGSEND = YES;
				GCC_C_LANGUAGE_STANDARD = gnu11;
				GCC_NO_COMMON_BLOCKS = YES;
				GCC_WARN_64_TO_32_BIT_CONVERSION = YES;
				GCC_WARN_ABOUT_RETURN_TYPE = YES_ERROR;
				GCC_WARN_UNDECLARED_SELECTOR = YES;
				GCC_WARN_UNINITIALIZED_AUTOS = YES_AGGRESSIVE;
				GCC_WARN_UNUSED_FUNCTION = YES;
				GCC_WARN_UNUSED_VARIABLE = YES;
				IPHONEOS_DEPLOYMENT_TARGET = 12.1;
				MTL_ENABLE_DEBUG_INFO = NO;
				MTL_FAST_MATH = YES;
				SDKROOT = iphoneos;
				SWIFT_COMPILATION_MODE = wholemodule;
				SWIFT_OPTIMIZATION_LEVEL = "-O";
				VALIDATE_PRODUCT = YES;
			};
			name = Release;
		};
		638330E7219F16B60063E39E /* Debug */ = {
			isa = XCBuildConfiguration;
			buildSettings = {
				ASSETCATALOG_COMPILER_APPICON_NAME = AppIcon;
				CODE_SIGN_STYLE = Automatic;
				DEVELOPMENT_TEAM = V66EK59R3L;
				INFOPLIST_FILE = "External WebVTT Example/Info.plist";
				LD_RUNPATH_SEARCH_PATHS = (
					"$(inherited)",
					"@executable_path/Frameworks",
				);
				PRODUCT_BUNDLE_IDENTIFIER = "com.clavicode.External-WebVTT-Example";
				PRODUCT_NAME = "$(TARGET_NAME)";
				SWIFT_VERSION = 4.2;
				TARGETED_DEVICE_FAMILY = "1,2";
			};
			name = Debug;
		};
		638330E8219F16B60063E39E /* Release */ = {
			isa = XCBuildConfiguration;
			buildSettings = {
				ASSETCATALOG_COMPILER_APPICON_NAME = AppIcon;
				CODE_SIGN_STYLE = Automatic;
				DEVELOPMENT_TEAM = V66EK59R3L;
				INFOPLIST_FILE = "External WebVTT Example/Info.plist";
				LD_RUNPATH_SEARCH_PATHS = (
					"$(inherited)",
					"@executable_path/Frameworks",
				);
				PRODUCT_BUNDLE_IDENTIFIER = "com.clavicode.External-WebVTT-Example";
				PRODUCT_NAME = "$(TARGET_NAME)";
				SWIFT_VERSION = 4.2;
				TARGETED_DEVICE_FAMILY = "1,2";
			};
			name = Release;
		};
/* End XCBuildConfiguration section */

/* Begin XCConfigurationList section */
		638330CF219F16B50063E39E /* Build configuration list for PBXProject "External WebVTT Example" */ = {
			isa = XCConfigurationList;
			buildConfigurations = (
				638330E4219F16B60063E39E /* Debug */,
				638330E5219F16B60063E39E /* Release */,
			);
			defaultConfigurationIsVisible = 0;
			defaultConfigurationName = Release;
		};
		638330E6219F16B60063E39E /* Build configuration list for PBXNativeTarget "External WebVTT Example" */ = {
			isa = XCConfigurationList;
			buildConfigurations = (
				638330E7219F16B60063E39E /* Debug */,
				638330E8219F16B60063E39E /* Release */,
			);
			defaultConfigurationIsVisible = 0;
			defaultConfigurationName = Release;
		};
/* End XCConfigurationList section */
	};
	rootObject = 638330CC219F16B50063E39E /* Project object */;
}
